
Microsoft Visual Studio Solution File, Format Version 12.00
# Visual Studio Version 16
VisualStudioVersion = 16.0.28922.388
MinimumVisualStudioVersion = 10.0.40219.1
Project("{8BC9CEB8-8B4A-11D0-8D11-00A0C91BC942}") = "Zadanie z Pastebin", "Zadanie z Pastebin\Zadanie z Pastebin.vcxproj", "{4A20E349-40AE-4408-8AEF-FFBCE51B7C0A}"
EndProject
Global
	GlobalSection(SolutionConfigurationPlatforms) = preSolution
		Debug|x64 = Debug|x64
		Debug|x86 = Debug|x86
		Release|x64 = Release|x64
		Release|x86 = Release|x86
	EndGlobalSection
	GlobalSection(ProjectConfigurationPlatforms) = postSolution
		{4A20E349-40AE-4408-8AEF-FFBCE51B7C0A}.Debug|x64.ActiveCfg = Debug|x64
		{4A20E349-40AE-4408-8AEF-FFBCE51B7C0A}.Debug|x64.Build.0 = Debug|x64
		{4A20E349-40AE-4408-8AEF-FFBCE51B7C0A}.Debug|x86.ActiveCfg = Debug|Win32
		{4A20E349-40AE-4408-8AEF-FFBCE51B7C0A}.Debug|x86.Build.0 = Debug|Win32
		{4A20E349-40AE-4408-8AEF-FFBCE51B7C0A}.Release|x64.ActiveCfg = Release|x64
		{4A20E349-40AE-4408-8AEF-FFBCE51B7C0A}.Release|x64.Build.0 = Release|x64
		{4A20E349-40AE-4408-8AEF-FFBCE51B7C0A}.Release|x86.ActiveCfg = Release|Win32
		{4A20E349-40AE-4408-8AEF-FFBCE51B7C0A}.Release|x86.Build.0 = Release|Win32
	EndGlobalSection
	GlobalSection(SolutionProperties) = preSolution
		HideSolutionNode = FALSE
	EndGlobalSection
	GlobalSection(ExtensibilityGlobals) = postSolution
		SolutionGuid = {2F8CF5AF-2C82-418E-AAE8-FD6A64A23374}
	EndGlobalSection
EndGlobal
